<?xml version="1.0" encoding="UTF-8"?>
<Scheme
   version = "1.3">
   <BuildAction
      parallelizeBuildables = "YES"
      buildImplicitDependencies = "YES">
      <BuildActionEntries>
         <BuildActionEntry
            buildForTesting = "YES"
            buildForRunning = "YES"
            buildForProfiling = "YES"
            buildForArchiving = "YES"
            buildForAnalyzing = "YES">
            <BuildableReference
               BuildableIdentifier = "primary"
               BlueprintIdentifier = "F82888E0136866C500426E84"
               BuildableName = "InTheBoxSim.app"
               BlueprintName = "InTheBoxSim"
               ReferencedContainer = "container:InTheBox.xcodeproj">
            </BuildableReference>
         </BuildActionEntry>
      </BuildActionEntries>
   </BuildAction>
   <TestAction
      selectedDebuggerIdentifier = "Xcode.DebuggerFoundation.Debugger.GDB"
      selectedLauncherIdentifier = "Xcode.DebuggerFoundation.Launcher.GDB"
      shouldUseLaunchSchemeArgsEnv = "YES"
      buildConfiguration = "Debug">
      <Testables>
      </Testables>
   </TestAction>
   <LaunchAction
      selectedDebuggerIdentifier = "Xcode.DebuggerFoundation.Debugger.GDB"
      selectedLauncherIdentifier = "Xcode.DebuggerFoundation.Launcher.GDB"
      displayScaleIsEnabled = "NO"
      displayScale = "1.00"
      launchStyle = "0"
      useCustomWorkingDirectory = "NO"
      buildConfiguration = "Debug">
      <BuildableProductRunnable>
         <BuildableReference
            BuildableIdentifier = "primary"
            BlueprintIdentifier = "F82888E0136866C500426E84"
            BuildableName = "InTheBoxSim.app"
            BlueprintName = "InTheBoxSim"
            ReferencedContainer = "container:InTheBox.xcodeproj">
         </BuildableReference>
      </BuildableProductRunnable>
      <CommandLineArguments>
         <CommandLineArgument
            argument = "-cp $(BUILT_PRODUCTS_DIR)/$(EXECUTABLE_FOLDER_PATH)/foo.jar Foo"
            isEnabled = "NO">
         </CommandLineArgument>
      </CommandLineArguments>
      <EnvironmentVariables>
         <EnvironmentVariable
            key = "BOOTCLASSPATH"
            value = "$(BUILT_PRODUCTS_DIR)/$(EXECUTABLE_FOLDER_PATH)/core.jar:$(BUILT_PRODUCTS_DIR)/$(EXECUTABLE_FOLDER_PATH)/ext.jar:$(BUILT_PRODUCTS_DIR)/$(EXECUTABLE_FOLDER_PATH)/framework.jar:$(BUILT_PRODUCTS_DIR)/$(EXECUTABLE_FOLDER_PATH)/android.policy.jar:$(BUILT_PRODUCTS_DIR)/$(EXECUTABLE_FOLDER_PATH)/services.jar"
            isEnabled = "NO">
         </EnvironmentVariable>
      </EnvironmentVariables>
      <AdditionalOptions>
      </AdditionalOptions>
   </LaunchAction>
   <ProfileAction
      displayScaleIsEnabled = "NO"
      displayScale = "1.00"
      shouldUseLaunchSchemeArgsEnv = "YES"
      savedToolIdentifier = ""
      useCustomWorkingDirectory = "NO"
      buildConfiguration = "Release">
      <BuildableProductRunnable>
         <BuildableReference
            BuildableIdentifier = "primary"
            BlueprintIdentifier = "F82888E0136866C500426E84"
            BuildableName = "InTheBoxSim.app"
            BlueprintName = "InTheBoxSim"
            ReferencedContainer = "container:InTheBox.xcodeproj">
         </BuildableReference>
      </BuildableProductRunnable>
   </ProfileAction>
   <AnalyzeAction
      buildConfiguration = "Debug">
   </AnalyzeAction>
   <ArchiveAction
      buildConfiguration = "Release"
      revealArchiveInOrganizer = "YES">
   </ArchiveAction>
</Scheme>
